
Microsoft Visual Studio Solution File, Format Version 12.00
# Visual Studio 2012
Project("{FAE04EC0-301F-11D3-BF4B-00C04F79EFBC}") = "ktratamgiac", "ktratamgiac\ktratamgiac.csproj", "{DF9C3070-671C-4E48-91E1-C0179F80C10D}"
EndProject
Global
	GlobalSection(SolutionConfigurationPlatforms) = preSolution
		Debug|Any CPU = Debug|Any CPU
		Release|Any CPU = Release|Any CPU
	EndGlobalSection
	GlobalSection(ProjectConfigurationPlatforms) = postSolution
		{DF9C3070-671C-4E48-91E1-C0179F80C10D}.Debug|Any CPU.ActiveCfg = Debug|Any CPU
		{DF9C3070-671C-4E48-91E1-C0179F80C10D}.Debug|Any CPU.Build.0 = Debug|Any CPU
		{DF9C3070-671C-4E48-91E1-C0179F80C10D}.Release|Any CPU.ActiveCfg = Release|Any CPU
		{DF9C3070-671C-4E48-91E1-C0179F80C10D}.Release|Any CPU.Build.0 = Release|Any CPU
	EndGlobalSection
	GlobalSection(SolutionProperties) = preSolution
		HideSolutionNode = FALSE
	EndGlobalSection
EndGlobal
